
Microsoft Visual Studio Solution File, Format Version 12.00
# Visual Studio Version 17
VisualStudioVersion = 17.4.33213.308
MinimumVisualStudioVersion = 10.0.40219.1
Project("{FAE04EC0-301F-11D3-BF4B-00C04F79EFBC}") = "College Management System", "College Management System\College Management System.csproj", "{73165C94-04E5-42DA-A665-D3925B7195CA}"
EndProject
Global
	GlobalSection(SolutionConfigurationPlatforms) = preSolution
		Debug|Any CPU = Debug|Any CPU
		Release|Any CPU = Release|Any CPU
	EndGlobalSection
	GlobalSection(ProjectConfigurationPlatforms) = postSolution
		{73165C94-04E5-42DA-A665-D3925B7195CA}.Debug|Any CPU.ActiveCfg = Debug|Any CPU
		{73165C94-04E5-42DA-A665-D3925B7195CA}.Debug|Any CPU.Build.0 = Debug|Any CPU
		{73165C94-04E5-42DA-A665-D3925B7195CA}.Release|Any CPU.ActiveCfg = Release|Any CPU
		{73165C94-04E5-42DA-A665-D3925B7195CA}.Release|Any CPU.Build.0 = Release|Any CPU
	EndGlobalSection
	GlobalSection(SolutionProperties) = preSolution
		HideSolutionNode = FALSE
	EndGlobalSection
	GlobalSection(ExtensibilityGlobals) = postSolution
		SolutionGuid = {091A61DD-CF89-4C83-A4D8-4DEC9F0E9FE2}
	EndGlobalSection
EndGlobal
